
Microsoft Visual Studio Solution File, Format Version 12.00
Project("{FAE04EC0-301F-11D3-BF4B-00C04F79EFBC}") = "Desktop", "code\Desktop\src\Desktop.csproj", "{10DAE877-BB22-4094-A6F7-8FCA0F32696A}"
EndProject
Project("{FAE04EC0-301F-11D3-BF4B-00C04F79EFBC}") = "Domain", "code\Domain\src\Domain.csproj", "{8FE2B8D3-51B1-4C62-BFE4-9330C1261CAB}"
EndProject
Project("{FAE04EC0-301F-11D3-BF4B-00C04F79EFBC}") = "Domain.Test", "code\Domain\test\Domain.Test.csproj", "{BA86D16E-A5FF-4953-B722-2D0718FE6A6A}"
EndProject
Project("{FAE04EC0-301F-11D3-BF4B-00C04F79EFBC}") = "Infrastructure", "code\Infrastructure\src\Infrastructure.csproj", "{5CBB1A97-84E1-43AB-AE52-F0C0F1C414CB}"
EndProject
Project("{FAE04EC0-301F-11D3-BF4B-00C04F79EFBC}") = "Infrastructure.Test", "code\Infrastructure\test\Infrastructure.Test.csproj", "{92E43DFA-0C3B-42D3-A63E-4DB35DBB2E03}"
EndProject
Global
	GlobalSection(SolutionConfigurationPlatforms) = preSolution
		Debug|Any CPU = Debug|Any CPU
		Release|Any CPU = Release|Any CPU
	EndGlobalSection
	GlobalSection(ProjectConfigurationPlatforms) = postSolution
		{10DAE877-BB22-4094-A6F7-8FCA0F32696A}.Debug|Any CPU.ActiveCfg = Debug|Any CPU
		{10DAE877-BB22-4094-A6F7-8FCA0F32696A}.Debug|Any CPU.Build.0 = Debug|Any CPU
		{10DAE877-BB22-4094-A6F7-8FCA0F32696A}.Release|Any CPU.ActiveCfg = Release|Any CPU
		{10DAE877-BB22-4094-A6F7-8FCA0F32696A}.Release|Any CPU.Build.0 = Release|Any CPU
		{8FE2B8D3-51B1-4C62-BFE4-9330C1261CAB}.Debug|Any CPU.ActiveCfg = Debug|Any CPU
		{8FE2B8D3-51B1-4C62-BFE4-9330C1261CAB}.Debug|Any CPU.Build.0 = Debug|Any CPU
		{8FE2B8D3-51B1-4C62-BFE4-9330C1261CAB}.Release|Any CPU.ActiveCfg = Release|Any CPU
		{8FE2B8D3-51B1-4C62-BFE4-9330C1261CAB}.Release|Any CPU.Build.0 = Release|Any CPU
		{BA86D16E-A5FF-4953-B722-2D0718FE6A6A}.Debug|Any CPU.ActiveCfg = Debug|Any CPU
		{BA86D16E-A5FF-4953-B722-2D0718FE6A6A}.Debug|Any CPU.Build.0 = Debug|Any CPU
		{BA86D16E-A5FF-4953-B722-2D0718FE6A6A}.Release|Any CPU.ActiveCfg = Release|Any CPU
		{BA86D16E-A5FF-4953-B722-2D0718FE6A6A}.Release|Any CPU.Build.0 = Release|Any CPU
		{5CBB1A97-84E1-43AB-AE52-F0C0F1C414CB}.Debug|Any CPU.ActiveCfg = Debug|Any CPU
		{5CBB1A97-84E1-43AB-AE52-F0C0F1C414CB}.Debug|Any CPU.Build.0 = Debug|Any CPU
		{5CBB1A97-84E1-43AB-AE52-F0C0F1C414CB}.Release|Any CPU.ActiveCfg = Release|Any CPU
		{5CBB1A97-84E1-43AB-AE52-F0C0F1C414CB}.Release|Any CPU.Build.0 = Release|Any CPU
		{92E43DFA-0C3B-42D3-A63E-4DB35DBB2E03}.Debug|Any CPU.ActiveCfg = Debug|Any CPU
		{92E43DFA-0C3B-42D3-A63E-4DB35DBB2E03}.Debug|Any CPU.Build.0 = Debug|Any CPU
		{92E43DFA-0C3B-42D3-A63E-4DB35DBB2E03}.Release|Any CPU.ActiveCfg = Release|Any CPU
		{92E43DFA-0C3B-42D3-A63E-4DB35DBB2E03}.Release|Any CPU.Build.0 = Release|Any CPU
	EndGlobalSection
EndGlobal
